
Microsoft Visual Studio Solution File, Format Version 12.00
# Visual Studio Version 16
VisualStudioVersion = 16.0.33423.256
MinimumVisualStudioVersion = 10.0.40219.1
Project("{FAE04EC0-301F-11D3-BF4B-00C04F79EFBC}") = "TestApp", "TestApp\TestApp.csproj", "{6B3DA155-00E7-4753-B727-4AC5B7E927BC}"
EndProject
Global
	GlobalSection(SolutionConfigurationPlatforms) = preSolution
		Debug|Any CPU = Debug|Any CPU
		Release|Any CPU = Release|Any CPU
	EndGlobalSection
	GlobalSection(ProjectConfigurationPlatforms) = postSolution
		{6B3DA155-00E7-4753-B727-4AC5B7E927BC}.Debug|Any CPU.ActiveCfg = Debug|Any CPU
		{6B3DA155-00E7-4753-B727-4AC5B7E927BC}.Debug|Any CPU.Build.0 = Debug|Any CPU
		{6B3DA155-00E7-4753-B727-4AC5B7E927BC}.Release|Any CPU.ActiveCfg = Release|Any CPU
		{6B3DA155-00E7-4753-B727-4AC5B7E927BC}.Release|Any CPU.Build.0 = Release|Any CPU
	EndGlobalSection
	GlobalSection(SolutionProperties) = preSolution
		HideSolutionNode = FALSE
	EndGlobalSection
	GlobalSection(ExtensibilityGlobals) = postSolution
		SolutionGuid = {3C421BD4-6699-46A5-A3AE-08D378BD6D68}
	EndGlobalSection
EndGlobal
